
Microsoft Visual Studio Solution File, Format Version 12.00
# Visual Studio Version 17
VisualStudioVersion = 17.7.34031.279
MinimumVisualStudioVersion = 10.0.40219.1
Project("{FAE04EC0-301F-11D3-BF4B-00C04F79EFBC}") = "pwork6", "pwork6\pwork6.csproj", "{5ED7C364-082A-4A4C-9AED-06452CCE72AD}"
EndProject
Global
	GlobalSection(SolutionConfigurationPlatforms) = preSolution
		Debug|Any CPU = Debug|Any CPU
		Release|Any CPU = Release|Any CPU
	EndGlobalSection
	GlobalSection(ProjectConfigurationPlatforms) = postSolution
		{5ED7C364-082A-4A4C-9AED-06452CCE72AD}.Debug|Any CPU.ActiveCfg = Debug|Any CPU
		{5ED7C364-082A-4A4C-9AED-06452CCE72AD}.Debug|Any CPU.Build.0 = Debug|Any CPU
		{5ED7C364-082A-4A4C-9AED-06452CCE72AD}.Release|Any CPU.ActiveCfg = Release|Any CPU
		{5ED7C364-082A-4A4C-9AED-06452CCE72AD}.Release|Any CPU.Build.0 = Release|Any CPU
	EndGlobalSection
	GlobalSection(SolutionProperties) = preSolution
		HideSolutionNode = FALSE
	EndGlobalSection
	GlobalSection(ExtensibilityGlobals) = postSolution
		SolutionGuid = {C057422F-360A-4F61-AFA1-5F0F0D72011B}
	EndGlobalSection
EndGlobal
